// !$*UTF8*$!
{
	archiveVersion = 1;
	classes = {
	};
	objectVersion = 48;
	objects = {

/* Begin PBXBuildFile section */
		8411E21B1F729A290053A798 /* BorderButton.swift in Sources */ = {isa = PBXBuildFile; fileRef = 8411E21A1F729A290053A798 /* BorderButton.swift */; };
		8436E38B1F6F9B2D00591112 /* AppDelegate.swift in Sources */ = {isa = PBXBuildFile; fileRef = 8436E38A1F6F9B2D00591112 /* AppDelegate.swift */; };
		8436E38D1F6F9B2D00591112 /* WelcomeVC.swift in Sources */ = {isa = PBXBuildFile; fileRef = 8436E38C1F6F9B2D00591112 /* WelcomeVC.swift */; };
		8436E3901F6F9B2D00591112 /* Main.storyboard in Resources */ = {isa = PBXBuildFile; fileRef = 8436E38E1F6F9B2D00591112 /* Main.storyboard */; };
		8436E3921F6F9B2D00591112 /* Assets.xcassets in Resources */ = {isa = PBXBuildFile; fileRef = 8436E3911F6F9B2D00591112 /* Assets.xcassets */; };
		8436E3951F6F9B2D00591112 /* LaunchScreen.storyboard in Resources */ = {isa = PBXBuildFile; fileRef = 8436E3931F6F9B2D00591112 /* LaunchScreen.storyboard */; };
		8475A1D01F72FA7900FFEF76 /* LeagueVC.swift in Sources */ = {isa = PBXBuildFile; fileRef = 8475A1CF1F72FA7900FFEF76 /* LeagueVC.swift */; };
		8475A1D21F72FA8B00FFEF76 /* SkillVC.swift in Sources */ = {isa = PBXBuildFile; fileRef = 8475A1D11F72FA8B00FFEF76 /* SkillVC.swift */; };
		8475A1D51F73BD4800FFEF76 /* Player.swift in Sources */ = {isa = PBXBuildFile; fileRef = 8475A1D41F73BD4800FFEF76 /* Player.swift */; };
/* End PBXBuildFile section */

/* Begin PBXFileReference section */
		8411E21A1F729A290053A798 /* BorderButton.swift */ = {isa = PBXFileReference; lastKnownFileType = sourcecode.swift; path = BorderButton.swift; sourceTree = "<group>"; };
		8436E3871F6F9B2D00591112 /* app-swoosh.app */ = {isa = PBXFileReference; explicitFileType = wrapper.application; includeInIndex = 0; path = "app-swoosh.app"; sourceTree = BUILT_PRODUCTS_DIR; };
		8436E38A1F6F9B2D00591112 /* AppDelegate.swift */ = {isa = PBXFileReference; lastKnownFileType = sourcecode.swift; path = AppDelegate.swift; sourceTree = "<group>"; };
		8436E38C1F6F9B2D00591112 /* WelcomeVC.swift */ = {isa = PBXFileReference; lastKnownFileType = sourcecode.swift; path = WelcomeVC.swift; sourceTree = "<group>"; };
		8436E38F1F6F9B2D00591112 /* Base */ = {isa = PBXFileReference; lastKnownFileType = file.storyboard; name = Base; path = Base.lproj/Main.storyboard; sourceTree = "<group>"; };
		8436E3911F6F9B2D00591112 /* Assets.xcassets */ = {isa = PBXFileReference; lastKnownFileType = folder.assetcatalog; path = Assets.xcassets; sourceTree = "<group>"; };
		8436E3941F6F9B2D00591112 /* Base */ = {isa = PBXFileReference; lastKnownFileType = file.storyboard; name = Base; path = Base.lproj/LaunchScreen.storyboard; sourceTree = "<group>"; };
		8436E3961F6F9B2E00591112 /* Info.plist */ = {isa = PBXFileReference; lastKnownFileType = text.plist.xml; path = Info.plist; sourceTree = "<group>"; };
		8475A1CF1F72FA7900FFEF76 /* LeagueVC.swift */ = {isa = PBXFileReference; lastKnownFileType = sourcecode.swift; path = LeagueVC.swift; sourceTree = "<group>"; };
		8475A1D11F72FA8B00FFEF76 /* SkillVC.swift */ = {isa = PBXFileReference; lastKnownFileType = sourcecode.swift; path = SkillVC.swift; sourceTree = "<group>"; };
		8475A1D41F73BD4800FFEF76 /* Player.swift */ = {isa = PBXFileReference; lastKnownFileType = sourcecode.swift; path = Player.swift; sourceTree = "<group>"; };
/* End PBXFileReference section */

/* Begin PBXFrameworksBuildPhase section */
		8436E3841F6F9B2D00591112 /* Frameworks */ = {
			isa = PBXFrameworksBuildPhase;
			buildActionMask = 2147483647;
			files = (
			);
			runOnlyForDeploymentPostprocessing = 0;
		};
/* End PBXFrameworksBuildPhase section */

/* Begin PBXGroup section */
		8411E21C1F729B6F0053A798 /* Views */ = {
			isa = PBXGroup;
			children = (
				8411E21A1F729A290053A798 /* BorderButton.swift */,
			);
			path = Views;
			sourceTree = "<group>";
		};
		8436E37E1F6F9B2D00591112 = {
			isa = PBXGroup;
			children = (
				8436E3891F6F9B2D00591112 /* app-swoosh */,
				8436E3881F6F9B2D00591112 /* Products */,
			);
			sourceTree = "<group>";
		};
		8436E3881F6F9B2D00591112 /* Products */ = {
			isa = PBXGroup;
			children = (
				8436E3871F6F9B2D00591112 /* app-swoosh.app */,
			);
			name = Products;
			sourceTree = "<group>";
		};
		8436E3891F6F9B2D00591112 /* app-swoosh */ = {
			isa = PBXGroup;
			children = (
				8475A1D31F73BD3B00FFEF76 /* Model */,
				8411E21C1F729B6F0053A798 /* Views */,
				8475A1CE1F72F9B500FFEF76 /* Controller */,
				8436E38A1F6F9B2D00591112 /* AppDelegate.swift */,
				8436E38E1F6F9B2D00591112 /* Main.storyboard */,
				8436E3911F6F9B2D00591112 /* Assets.xcassets */,
				8436E3931F6F9B2D00591112 /* LaunchScreen.storyboard */,
				8436E3961F6F9B2E00591112 /* Info.plist */,
			);
			path = "app-swoosh";
			sourceTree = "<group>";
		};
		8475A1CE1F72F9B500FFEF76 /* Controller */ = {
			isa = PBXGroup;
			children = (
				8436E38C1F6F9B2D00591112 /* WelcomeVC.swift */,
				8475A1CF1F72FA7900FFEF76 /* LeagueVC.swift */,
				8475A1D11F72FA8B00FFEF76 /* SkillVC.swift */,
			);
			path = Controller;
			sourceTree = "<group>";
		};
		8475A1D31F73BD3B00FFEF76 /* Model */ = {
			isa = PBXGroup;
			children = (
				8475A1D41F73BD4800FFEF76 /* Player.swift */,
			);
			path = Model;
			sourceTree = "<group>";
		};
/* End PBXGroup section */

/* Begin PBXNativeTarget section */
		8436E3861F6F9B2D00591112 /* app-swoosh */ = {
			isa = PBXNativeTarget;
			buildConfigurationList = 8436E3991F6F9B2E00591112 /* Build configuration list for PBXNativeTarget "app-swoosh" */;
			buildPhases = (
				8436E3831F6F9B2D00591112 /* Sources */,
				8436E3841F6F9B2D00591112 /* Frameworks */,
				8436E3851F6F9B2D00591112 /* Resources */,
			);
			buildRules = (
			);
			dependencies = (
			);
			name = "app-swoosh";
			productName = "app-swoosh";
			productReference = 8436E3871F6F9B2D00591112 /* app-swoosh.app */;
			productType = "com.apple.product-type.application";
		};
/* End PBXNativeTarget section */

/* Begin PBXProject section */
		8436E37F1F6F9B2D00591112 /* Project object */ = {
			isa = PBXProject;
			attributes = {
				LastSwiftUpdateCheck = 0900;
				LastUpgradeCheck = 0900;
				ORGANIZATIONNAME = "Ryan Salim";
				TargetAttributes = {
					8436E3861F6F9B2D00591112 = {
						CreatedOnToolsVersion = 9.0;
						ProvisioningStyle = Automatic;
					};
				};
			};
			buildConfigurationList = 8436E3821F6F9B2D00591112 /* Build configuration list for PBXProject "app-swoosh" */;
			compatibilityVersion = "Xcode 8.0";
			developmentRegion = en;
			hasScannedForEncodings = 0;
			knownRegions = (
				en,
				Base,
			);
			mainGroup = 8436E37E1F6F9B2D00591112;
			productRefGroup = 8436E3881F6F9B2D00591112 /* Products */;
			projectDirPath = "";
			projectRoot = "";
			targets = (
				8436E3861F6F9B2D00591112 /* app-swoosh */,
			);
		};
/* End PBXProject section */

/* Begin PBXResourcesBuildPhase section */
		8436E3851F6F9B2D00591112 /* Resources */ = {
			isa = PBXResourcesBuildPhase;
			buildActionMask = 2147483647;
			files = (
				8436E3951F6F9B2D00591112 /* LaunchScreen.storyboard in Resources */,
				8436E3921F6F9B2D00591112 /* Assets.xcassets in Resources */,
				8436E3901F6F9B2D00591112 /* Main.storyboard in Resources */,
			);
			runOnlyForDeploymentPostprocessing = 0;
		};
/* End PBXResourcesBuildPhase section */

/* Begin PBXSourcesBuildPhase section */
		8436E3831F6F9B2D00591112 /* Sources */ = {
			isa = PBXSourcesBuildPhase;
			buildActionMask = 2147483647;
			files = (
				8436E38D1F6F9B2D00591112 /* WelcomeVC.swift in Sources */,
				8475A1D01F72FA7900FFEF76 /* LeagueVC.swift in Sources */,
				8436E38B1F6F9B2D00591112 /* AppDelegate.swift in Sources */,
				8475A1D21F72FA8B00FFEF76 /* SkillVC.swift in Sources */,
				8475A1D51F73BD4800FFEF76 /* Player.swift in Sources */,
				8411E21B1F729A290053A798 /* BorderButton.swift in Sources */,
			);
			runOnlyForDeploymentPostprocessing = 0;
		};
/* End PBXSourcesBuildPhase section */

/* Begin PBXVariantGroup section */
		8436E38E1F6F9B2D00591112 /* Main.storyboard */ = {
			isa = PBXVariantGroup;
			children = (
				8436E38F1F6F9B2D00591112 /* Base */,
			);
			name = Main.storyboard;
			sourceTree = "<group>";
		};
		8436E3931F6F9B2D00591112 /* LaunchScreen.storyboard */ = {
			isa = PBXVariantGroup;
			children = (
				8436E3941F6F9B2D00591112 /* Base */,
			);
			name = LaunchScreen.storyboard;
			sourceTree = "<group>";
		};
/* End PBXVariantGroup section */

/* Begin XCBuildConfiguration section */
		8436E3971F6F9B2E00591112 /* Debug */ = {
			isa = XCBuildConfiguration;
			buildSettings = {
				ALWAYS_SEARCH_USER_PATHS = NO;
				CLANG_ANALYZER_NONNULL = YES;
				CLANG_ANALYZER_NUMBER_OBJECT_CONVERSION = YES_AGGRESSIVE;
				CLANG_CXX_LANGUAGE_STANDARD = "gnu++14";
				CLANG_CXX_LIBRARY = "libc++";
				CLANG_ENABLE_MODULES = YES;
				CLANG_ENABLE_OBJC_ARC = YES;
				CLANG_WARN_BLOCK_CAPTURE_AUTORELEASING = YES;
				CLANG_WARN_BOOL_CONVERSION = YES;
				CLANG_WARN_COMMA = YES;
				CLANG_WARN_CONSTANT_CONVERSION = YES;
				CLANG_WARN_DIRECT_OBJC_ISA_USAGE = YES_ERROR;
				CLANG_WARN_DOCUMENTATION_COMMENTS = YES;
				CLANG_WARN_EMPTY_BODY = YES;
				CLANG_WARN_ENUM_CONVERSION = YES;
				CLANG_WARN_INFINITE_RECURSION = YES;
				CLANG_WARN_INT_CONVERSION = YES;
				CLANG_WARN_NON_LITERAL_NULL_CONVERSION = YES;
				CLANG_WARN_OBJC_LITERAL_CONVERSION = YES;
				CLANG_WARN_OBJC_ROOT_CLASS = YES_ERROR;
				CLANG_WARN_RANGE_LOOP_ANALYSIS = YES;
				CLANG_WARN_STRICT_PROTOTYPES = YES;
				CLANG_WARN_SUSPICIOUS_MOVE = YES;
				CLANG_WARN_UNGUARDED_AVAILABILITY = YES_AGGRESSIVE;
				CLANG_WARN_UNREACHABLE_CODE = YES;
				CLANG_WARN__DUPLICATE_METHOD_MATCH = YES;
				CODE_SIGN_IDENTITY = "iPhone Developer";
				COPY_PHASE_STRIP = NO;
				DEBUG_INFORMATION_FORMAT = dwarf;
				ENABLE_STRICT_OBJC_MSGSEND = YES;
				ENABLE_TESTABILITY = YES;
				GCC_C_LANGUAGE_STANDARD = gnu11;
				GCC_DYNAMIC_NO_PIC = NO;
				GCC_NO_COMMON_BLOCKS = YES;
				GCC_OPTIMIZATION_LEVEL = 0;
				GCC_PREPROCESSOR_DEFINITIONS = (
					"DEBUG=1",
					"$(inherited)",
				);
				GCC_WARN_64_TO_32_BIT_CONVERSION = YES;
				GCC_WARN_ABOUT_RETURN_TYPE = YES_ERROR;
				GCC_WARN_UNDECLARED_SELECTOR = YES;
				GCC_WARN_UNINITIALIZED_AUTOS = YES_AGGRESSIVE;
				GCC_WARN_UNUSED_FUNCTION = YES;
				GCC_WARN_UNUSED_VARIABLE = YES;
				IPHONEOS_DEPLOYMENT_TARGET = 11.0;
				MTL_ENABLE_DEBUG_INFO = YES;
				ONLY_ACTIVE_ARCH = YES;
				SDKROOT = iphoneos;
				SWIFT_ACTIVE_COMPILATION_CONDITIONS = DEBUG;
				SWIFT_OPTIMIZATION_LEVEL = "-Onone";
			};
			name = Debug;
		};
		8436E3981F6F9B2E00591112 /* Release */ = {
			isa = XCBuildConfiguration;
			buildSettings = {
				ALWAYS_SEARCH_USER_PATHS = NO;
				CLANG_ANALYZER_NONNULL = YES;
				CLANG_ANALYZER_NUMBER_OBJECT_CONVERSION = YES_AGGRESSIVE;
				CLANG_CXX_LANGUAGE_STANDARD = "gnu++14";
				CLANG_CXX_LIBRARY = "libc++";
				CLANG_ENABLE_MODULES = YES;
				CLANG_ENABLE_OBJC_ARC = YES;
				CLANG_WARN_BLOCK_CAPTURE_AUTORELEASING = YES;
				CLANG_WARN_BOOL_CONVERSION = YES;
				CLANG_WARN_COMMA = YES;
				CLANG_WARN_CONSTANT_CONVERSION = YES;
				CLANG_WARN_DIRECT_OBJC_ISA_USAGE = YES_ERROR;
				CLANG_WARN_DOCUMENTATION_COMMENTS = YES;
				CLANG_WARN_EMPTY_BODY = YES;
				CLANG_WARN_ENUM_CONVERSION = YES;
				CLANG_WARN_INFINITE_RECURSION = YES;
				CLANG_WARN_INT_CONVERSION = YES;
				CLANG_WARN_NON_LITERAL_NULL_CONVERSION = YES;
				CLANG_WARN_OBJC_LITERAL_CONVERSION = YES;
				CLANG_WARN_OBJC_ROOT_CLASS = YES_ERROR;
				CLANG_WARN_RANGE_LOOP_ANALYSIS = YES;
				CLANG_WARN_STRICT_PROTOTYPES = YES;
				CLANG_WARN_SUSPICIOUS_MOVE = YES;
				CLANG_WARN_UNGUARDED_AVAILABILITY = YES_AGGRESSIVE;
				CLANG_WARN_UNREACHABLE_CODE = YES;
				CLANG_WARN__DUPLICATE_METHOD_MATCH = YES;
				CODE_SIGN_IDENTITY = "iPhone Developer";
				COPY_PHASE_STRIP = NO;
				DEBUG_INFORMATION_FORMAT = "dwarf-with-dsym";
				ENABLE_NS_ASSERTIONS = NO;
				ENABLE_STRICT_OBJC_MSGSEND = YES;
				GCC_C_LANGUAGE_STANDARD = gnu11;
				GCC_NO_COMMON_BLOCKS = YES;
				GCC_WARN_64_TO_32_BIT_CONVERSION = YES;
				GCC_WARN_ABOUT_RETURN_TYPE = YES_ERROR;
				GCC_WARN_UNDECLARED_SELECTOR = YES;
				GCC_WARN_UNINITIALIZED_AUTOS = YES_AGGRESSIVE;
				GCC_WARN_UNUSED_FUNCTION = YES;
				GCC_WARN_UNUSED_VARIABLE = YES;
				IPHONEOS_DEPLOYMENT_TARGET = 11.0;
				MTL_ENABLE_DEBUG_INFO = NO;
				SDKROOT = iphoneos;
				SWIFT_OPTIMIZATION_LEVEL = "-Owholemodule";
				VALIDATE_PRODUCT = YES;
			};
			name = Release;
		};
		8436E39A1F6F9B2E00591112 /* Debug */ = {
			isa = XCBuildConfiguration;
			buildSettings = {
				ASSETCATALOG_COMPILER_APPICON_NAME = AppIcon;
				CODE_SIGN_STYLE = Automatic;
				DEVELOPMENT_TEAM = G53A4B7X95;
				INFOPLIST_FILE = "app-swoosh/Info.plist";
				LD_RUNPATH_SEARCH_PATHS = "$(inherited) @executable_path/Frameworks";
				PRODUCT_BUNDLE_IDENTIFIER = "com.salimapps.app-swoosh";
				PRODUCT_NAME = "$(TARGET_NAME)";
				SWIFT_VERSION = 4.0;
				TARGETED_DEVICE_FAMILY = "1,2";
			};
			name = Debug;
		};
		8436E39B1F6F9B2E00591112 /* Release */ = {
			isa = XCBuildConfiguration;
			buildSettings = {
				ASSETCATALOG_COMPILER_APPICON_NAME = AppIcon;
				CODE_SIGN_STYLE = Automatic;
				DEVELOPMENT_TEAM = G53A4B7X95;
				INFOPLIST_FILE = "app-swoosh/Info.plist";
				LD_RUNPATH_SEARCH_PATHS = "$(inherited) @executable_path/Frameworks";
				PRODUCT_BUNDLE_IDENTIFIER = "com.salimapps.app-swoosh";
				PRODUCT_NAME = "$(TARGET_NAME)";
				SWIFT_VERSION = 4.0;
				TARGETED_DEVICE_FAMILY = "1,2";
			};
			name = Release;
		};
/* End XCBuildConfiguration section */

/* Begin XCConfigurationList section */
		8436E3821F6F9B2D00591112 /* Build configuration list for PBXProject "app-swoosh" */ = {
			isa = XCConfigurationList;
			buildConfigurations = (
				8436E3971F6F9B2E00591112 /* Debug */,
				8436E3981F6F9B2E00591112 /* Release */,
			);
			defaultConfigurationIsVisible = 0;
			defaultConfigurationName = Release;
		};
		8436E3991F6F9B2E00591112 /* Build configuration list for PBXNativeTarget "app-swoosh" */ = {
			isa = XCConfigurationList;
			buildConfigurations = (
				8436E39A1F6F9B2E00591112 /* Debug */,
				8436E39B1F6F9B2E00591112 /* Release */,
			);
			defaultConfigurationIsVisible = 0;
			defaultConfigurationName = Release;
		};
/* End XCConfigurationList section */
	};
	rootObject = 8436E37F1F6F9B2D00591112 /* Project object */;
}
